
Microsoft Visual Studio Solution File, Format Version 12.00
# Visual Studio Version 16
VisualStudioVersion = 16.0.31005.135
MinimumVisualStudioVersion = 10.0.40219.1
Project("{FAE04EC0-301F-11D3-BF4B-00C04F79EFBC}") = "cv9", "cv9.csproj", "{03D68205-8B8E-47CC-9388-37019D180DF0}"
EndProject
Global
	GlobalSection(SolutionConfigurationPlatforms) = preSolution
		Debug|Any CPU = Debug|Any CPU
		Release|Any CPU = Release|Any CPU
	EndGlobalSection
	GlobalSection(ProjectConfigurationPlatforms) = postSolution
		{03D68205-8B8E-47CC-9388-37019D180DF0}.Debug|Any CPU.ActiveCfg = Debug|Any CPU
		{03D68205-8B8E-47CC-9388-37019D180DF0}.Debug|Any CPU.Build.0 = Debug|Any CPU
		{03D68205-8B8E-47CC-9388-37019D180DF0}.Release|Any CPU.ActiveCfg = Release|Any CPU
		{03D68205-8B8E-47CC-9388-37019D180DF0}.Release|Any CPU.Build.0 = Release|Any CPU
	EndGlobalSection
	GlobalSection(SolutionProperties) = preSolution
		HideSolutionNode = FALSE
	EndGlobalSection
	GlobalSection(ExtensibilityGlobals) = postSolution
		SolutionGuid = {5C8D902A-316F-43BE-AF4B-0B41868B74DA}
	EndGlobalSection
EndGlobal
